
Microsoft Visual Studio Solution File, Format Version 12.00
# Visual Studio 14
VisualStudioVersion = 14.0.23107.0
MinimumVisualStudioVersion = 10.0.40219.1
Project("{FAE04EC0-301F-11D3-BF4B-00C04F79EFBC}") = "WebApi", "WebApi\WebApi.csproj", "{3FA8DAC8-C01A-468F-9D51-D60D6211AAEC}"
EndProject
Project("{FAE04EC0-301F-11D3-BF4B-00C04F79EFBC}") = "Common", "Common\Common.csproj", "{CD8B235C-2F32-4F7D-8690-2FD62C28ACD4}"
EndProject
Project("{FAE04EC0-301F-11D3-BF4B-00C04F79EFBC}") = "SelfHost", "SelfHost\SelfHost.csproj", "{4E28EF8A-2EFF-44EA-B714-D8AA3BB91790}"
EndProject
Project("{FAE04EC0-301F-11D3-BF4B-00C04F79EFBC}") = "WebHost", "WebHost\WebHost.csproj", "{3A28F312-4747-4D44-B1BB-434C544A0AB3}"
EndProject
Project("{FAE04EC0-301F-11D3-BF4B-00C04F79EFBC}") = "WebApp", "WebApp\WebApp.csproj", "{CFB5EF87-96E4-4836-BC43-9B429C5B4EDC}"
EndProject
Project("{FAE04EC0-301F-11D3-BF4B-00C04F79EFBC}") = "ConsoleApp", "ConsoleApp\ConsoleApp.csproj", "{836D5876-C9E6-4FBE-AD0A-1DF924865C84}"
EndProject
Global
	GlobalSection(SolutionConfigurationPlatforms) = preSolution
		Debug|Any CPU = Debug|Any CPU
		Release|Any CPU = Release|Any CPU
	EndGlobalSection
	GlobalSection(ProjectConfigurationPlatforms) = postSolution
		{3FA8DAC8-C01A-468F-9D51-D60D6211AAEC}.Debug|Any CPU.ActiveCfg = Debug|Any CPU
		{3FA8DAC8-C01A-468F-9D51-D60D6211AAEC}.Debug|Any CPU.Build.0 = Debug|Any CPU
		{3FA8DAC8-C01A-468F-9D51-D60D6211AAEC}.Release|Any CPU.ActiveCfg = Release|Any CPU
		{3FA8DAC8-C01A-468F-9D51-D60D6211AAEC}.Release|Any CPU.Build.0 = Release|Any CPU
		{CD8B235C-2F32-4F7D-8690-2FD62C28ACD4}.Debug|Any CPU.ActiveCfg = Debug|Any CPU
		{CD8B235C-2F32-4F7D-8690-2FD62C28ACD4}.Debug|Any CPU.Build.0 = Debug|Any CPU
		{CD8B235C-2F32-4F7D-8690-2FD62C28ACD4}.Release|Any CPU.ActiveCfg = Release|Any CPU
		{CD8B235C-2F32-4F7D-8690-2FD62C28ACD4}.Release|Any CPU.Build.0 = Release|Any CPU
		{4E28EF8A-2EFF-44EA-B714-D8AA3BB91790}.Debug|Any CPU.ActiveCfg = Debug|Any CPU
		{4E28EF8A-2EFF-44EA-B714-D8AA3BB91790}.Debug|Any CPU.Build.0 = Debug|Any CPU
		{4E28EF8A-2EFF-44EA-B714-D8AA3BB91790}.Release|Any CPU.ActiveCfg = Release|Any CPU
		{4E28EF8A-2EFF-44EA-B714-D8AA3BB91790}.Release|Any CPU.Build.0 = Release|Any CPU
		{3A28F312-4747-4D44-B1BB-434C544A0AB3}.Debug|Any CPU.ActiveCfg = Debug|Any CPU
		{3A28F312-4747-4D44-B1BB-434C544A0AB3}.Debug|Any CPU.Build.0 = Debug|Any CPU
		{3A28F312-4747-4D44-B1BB-434C544A0AB3}.Release|Any CPU.ActiveCfg = Release|Any CPU
		{3A28F312-4747-4D44-B1BB-434C544A0AB3}.Release|Any CPU.Build.0 = Release|Any CPU
		{CFB5EF87-96E4-4836-BC43-9B429C5B4EDC}.Debug|Any CPU.ActiveCfg = Debug|Any CPU
		{CFB5EF87-96E4-4836-BC43-9B429C5B4EDC}.Debug|Any CPU.Build.0 = Debug|Any CPU
		{CFB5EF87-96E4-4836-BC43-9B429C5B4EDC}.Release|Any CPU.ActiveCfg = Release|Any CPU
		{CFB5EF87-96E4-4836-BC43-9B429C5B4EDC}.Release|Any CPU.Build.0 = Release|Any CPU
		{836D5876-C9E6-4FBE-AD0A-1DF924865C84}.Debug|Any CPU.ActiveCfg = Debug|Any CPU
		{836D5876-C9E6-4FBE-AD0A-1DF924865C84}.Debug|Any CPU.Build.0 = Debug|Any CPU
		{836D5876-C9E6-4FBE-AD0A-1DF924865C84}.Release|Any CPU.ActiveCfg = Release|Any CPU
		{836D5876-C9E6-4FBE-AD0A-1DF924865C84}.Release|Any CPU.Build.0 = Release|Any CPU
	EndGlobalSection
	GlobalSection(SolutionProperties) = preSolution
		HideSolutionNode = FALSE
	EndGlobalSection
EndGlobal
